
Microsoft Visual Studio Solution File, Format Version 12.00
# Visual Studio Version 17
VisualStudioVersion = 17.5.002.0
MinimumVisualStudioVersion = 10.0.40219.1
Project("{2150E333-8FDC-42A3-9474-1A3956D46DE8}") = "csharp-prep", "csharp-prep", "{4B4CBDFE-08DE-4350-A811-45D787F085DB}"
EndProject
Project("{9A19103F-16F7-4668-BE54-9A1E7A4F7556}") = "Prep1", "csharp-prep\Prep1\Prep1.csproj", "{B9BAF2D3-9D7C-4347-AA22-10D522BC9F0C}"
EndProject
Project("{9A19103F-16F7-4668-BE54-9A1E7A4F7556}") = "Prep2", "csharp-prep\Prep2\Prep2.csproj", "{173A5B84-7CF0-48C2-9BD2-64A9A2ECAB1C}"
EndProject
Project("{9A19103F-16F7-4668-BE54-9A1E7A4F7556}") = "Prep3", "csharp-prep\Prep3\Prep3.csproj", "{86C4AA6F-E54D-45CE-BD59-E70B333087F0}"
EndProject
Project("{9A19103F-16F7-4668-BE54-9A1E7A4F7556}") = "Prep4", "csharp-prep\Prep4\Prep4.csproj", "{3BADC18F-93DA-43D4-B429-A7EB6FBA7660}"
EndProject
Project("{9A19103F-16F7-4668-BE54-9A1E7A4F7556}") = "Prep5", "csharp-prep\Prep5\Prep5.csproj", "{7115D5C6-8CAC-4A71-ADC5-32C6C6FF61F4}"
EndProject
Project("{2150E333-8FDC-42A3-9474-1A3956D46DE8}") = "final", "final", "{631F2BAB-869A-439A-A7EA-8FD1A7CAE32F}"
EndProject
Project("{9A19103F-16F7-4668-BE54-9A1E7A4F7556}") = "FinalProject", "final\FinalProject\FinalProject.csproj", "{7364AB81-E8D0-4FEC-9DE1-CF2004CBE07A}"
EndProject
Project("{9A19103F-16F7-4668-BE54-9A1E7A4F7556}") = "Foundation1", "final\Foundation1\Foundation1.csproj", "{22415301-72CE-4AA8-BDE2-7E3C583DA4A2}"
EndProject
Project("{9A19103F-16F7-4668-BE54-9A1E7A4F7556}") = "Foundation2", "final\Foundation2\Foundation2.csproj", "{476686B9-8E78-445A-9B7B-9FA75344962D}"
EndProject
Project("{9A19103F-16F7-4668-BE54-9A1E7A4F7556}") = "Foundation3", "final\Foundation3\Foundation3.csproj", "{97C6289E-1699-4789-8343-1A463F13ABED}"
EndProject
Project("{9A19103F-16F7-4668-BE54-9A1E7A4F7556}") = "Foundation4", "final\Foundation4\Foundation4.csproj", "{4B9DE910-DFA9-4AA0-B945-CC71F1B900BD}"
EndProject
Project("{2150E333-8FDC-42A3-9474-1A3956D46DE8}") = "prepare", "prepare", "{5EC85147-8CEC-4B86-8271-CE6A32F00DC0}"
EndProject
Project("{9A19103F-16F7-4668-BE54-9A1E7A4F7556}") = "Learning02", "prepare\Learning02\Learning02.csproj", "{7EC45F49-2889-4498-AAFF-510C49087181}"
EndProject
Project("{9A19103F-16F7-4668-BE54-9A1E7A4F7556}") = "Learning03", "prepare\Learning03\Learning03.csproj", "{93073321-8F51-4174-9BEE-62C922231832}"
EndProject
Project("{9A19103F-16F7-4668-BE54-9A1E7A4F7556}") = "Learning04", "prepare\Learning04\Learning04.csproj", "{C1CF6ED4-4147-44B5-AE14-42A85021C805}"
EndProject
Project("{9A19103F-16F7-4668-BE54-9A1E7A4F7556}") = "Learning05", "prepare\Learning05\Learning05.csproj", "{BA436438-38F7-4A8F-A91D-814CA9A64B6D}"
EndProject
Project("{2150E333-8FDC-42A3-9474-1A3956D46DE8}") = "prove", "prove", "{1439DCEE-B81E-46AB-BE8A-D160E3DDED55}"
EndProject
Project("{9A19103F-16F7-4668-BE54-9A1E7A4F7556}") = "Develop02", "prove\Develop02\Develop02.csproj", "{71F48945-4EEC-40B9-9207-FD5FDE1C913A}"
EndProject
Project("{9A19103F-16F7-4668-BE54-9A1E7A4F7556}") = "Develop03", "prove\Develop03\Develop03.csproj", "{43624D26-B1B8-4DC6-8D6B-B1CBC910D9BC}"
EndProject
Project("{9A19103F-16F7-4668-BE54-9A1E7A4F7556}") = "Develop04", "prove\Develop04\Develop04.csproj", "{3A2FC61B-2541-496D-913C-9ABB3899CF4A}"
EndProject
Project("{9A19103F-16F7-4668-BE54-9A1E7A4F7556}") = "Develop05", "prove\Develop05\Develop05.csproj", "{75AD3B8F-05E2-41A4-A7E6-78F1E8340F70}"
EndProject
Project("{2150E333-8FDC-42A3-9474-1A3956D46DE8}") = "sandbox", "sandbox", "{F0886EB9-2545-4F7F-B957-714686BED674}"
EndProject
Project("{9A19103F-16F7-4668-BE54-9A1E7A4F7556}") = "Sandbox", "sandbox\Sandbox\Sandbox.csproj", "{8BA04057-540B-45B5-90B6-856A74D053D9}"
EndProject
Global
	GlobalSection(SolutionConfigurationPlatforms) = preSolution
		Debug|Any CPU = Debug|Any CPU
		Release|Any CPU = Release|Any CPU
	EndGlobalSection
	GlobalSection(ProjectConfigurationPlatforms) = postSolution
		{B9BAF2D3-9D7C-4347-AA22-10D522BC9F0C}.Debug|Any CPU.ActiveCfg = Debug|Any CPU
		{B9BAF2D3-9D7C-4347-AA22-10D522BC9F0C}.Debug|Any CPU.Build.0 = Debug|Any CPU
		{B9BAF2D3-9D7C-4347-AA22-10D522BC9F0C}.Release|Any CPU.ActiveCfg = Release|Any CPU
		{B9BAF2D3-9D7C-4347-AA22-10D522BC9F0C}.Release|Any CPU.Build.0 = Release|Any CPU
		{173A5B84-7CF0-48C2-9BD2-64A9A2ECAB1C}.Debug|Any CPU.ActiveCfg = Debug|Any CPU
		{173A5B84-7CF0-48C2-9BD2-64A9A2ECAB1C}.Debug|Any CPU.Build.0 = Debug|Any CPU
		{173A5B84-7CF0-48C2-9BD2-64A9A2ECAB1C}.Release|Any CPU.ActiveCfg = Release|Any CPU
		{173A5B84-7CF0-48C2-9BD2-64A9A2ECAB1C}.Release|Any CPU.Build.0 = Release|Any CPU
		{86C4AA6F-E54D-45CE-BD59-E70B333087F0}.Debug|Any CPU.ActiveCfg = Debug|Any CPU
		{86C4AA6F-E54D-45CE-BD59-E70B333087F0}.Debug|Any CPU.Build.0 = Debug|Any CPU
		{86C4AA6F-E54D-45CE-BD59-E70B333087F0}.Release|Any CPU.ActiveCfg = Release|Any CPU
		{86C4AA6F-E54D-45CE-BD59-E70B333087F0}.Release|Any CPU.Build.0 = Release|Any CPU
		{3BADC18F-93DA-43D4-B429-A7EB6FBA7660}.Debug|Any CPU.ActiveCfg = Debug|Any CPU
		{3BADC18F-93DA-43D4-B429-A7EB6FBA7660}.Debug|Any CPU.Build.0 = Debug|Any CPU
		{3BADC18F-93DA-43D4-B429-A7EB6FBA7660}.Release|Any CPU.ActiveCfg = Release|Any CPU
		{3BADC18F-93DA-43D4-B429-A7EB6FBA7660}.Release|Any CPU.Build.0 = Release|Any CPU
		{7115D5C6-8CAC-4A71-ADC5-32C6C6FF61F4}.Debug|Any CPU.ActiveCfg = Debug|Any CPU
		{7115D5C6-8CAC-4A71-ADC5-32C6C6FF61F4}.Debug|Any CPU.Build.0 = Debug|Any CPU
		{7115D5C6-8CAC-4A71-ADC5-32C6C6FF61F4}.Release|Any CPU.ActiveCfg = Release|Any CPU
		{7115D5C6-8CAC-4A71-ADC5-32C6C6FF61F4}.Release|Any CPU.Build.0 = Release|Any CPU
		{7364AB81-E8D0-4FEC-9DE1-CF2004CBE07A}.Debug|Any CPU.ActiveCfg = Debug|Any CPU
		{7364AB81-E8D0-4FEC-9DE1-CF2004CBE07A}.Debug|Any CPU.Build.0 = Debug|Any CPU
		{7364AB81-E8D0-4FEC-9DE1-CF2004CBE07A}.Release|Any CPU.ActiveCfg = Release|Any CPU
		{7364AB81-E8D0-4FEC-9DE1-CF2004CBE07A}.Release|Any CPU.Build.0 = Release|Any CPU
		{22415301-72CE-4AA8-BDE2-7E3C583DA4A2}.Debug|Any CPU.ActiveCfg = Debug|Any CPU
		{22415301-72CE-4AA8-BDE2-7E3C583DA4A2}.Debug|Any CPU.Build.0 = Debug|Any CPU
		{22415301-72CE-4AA8-BDE2-7E3C583DA4A2}.Release|Any CPU.ActiveCfg = Release|Any CPU
		{22415301-72CE-4AA8-BDE2-7E3C583DA4A2}.Release|Any CPU.Build.0 = Release|Any CPU
		{476686B9-8E78-445A-9B7B-9FA75344962D}.Debug|Any CPU.ActiveCfg = Debug|Any CPU
		{476686B9-8E78-445A-9B7B-9FA75344962D}.Debug|Any CPU.Build.0 = Debug|Any CPU
		{476686B9-8E78-445A-9B7B-9FA75344962D}.Release|Any CPU.ActiveCfg = Release|Any CPU
		{476686B9-8E78-445A-9B7B-9FA75344962D}.Release|Any CPU.Build.0 = Release|Any CPU
		{97C6289E-1699-4789-8343-1A463F13ABED}.Debug|Any CPU.ActiveCfg = Debug|Any CPU
		{97C6289E-1699-4789-8343-1A463F13ABED}.Debug|Any CPU.Build.0 = Debug|Any CPU
		{97C6289E-1699-4789-8343-1A463F13ABED}.Release|Any CPU.ActiveCfg = Release|Any CPU
		{97C6289E-1699-4789-8343-1A463F13ABED}.Release|Any CPU.Build.0 = Release|Any CPU
		{4B9DE910-DFA9-4AA0-B945-CC71F1B900BD}.Debug|Any CPU.ActiveCfg = Debug|Any CPU
		{4B9DE910-DFA9-4AA0-B945-CC71F1B900BD}.Debug|Any CPU.Build.0 = Debug|Any CPU
		{4B9DE910-DFA9-4AA0-B945-CC71F1B900BD}.Release|Any CPU.ActiveCfg = Release|Any CPU
		{4B9DE910-DFA9-4AA0-B945-CC71F1B900BD}.Release|Any CPU.Build.0 = Release|Any CPU
		{7EC45F49-2889-4498-AAFF-510C49087181}.Debug|Any CPU.ActiveCfg = Debug|Any CPU
		{7EC45F49-2889-4498-AAFF-510C49087181}.Debug|Any CPU.Build.0 = Debug|Any CPU
		{7EC45F49-2889-4498-AAFF-510C49087181}.Release|Any CPU.ActiveCfg = Release|Any CPU
		{7EC45F49-2889-4498-AAFF-510C49087181}.Release|Any CPU.Build.0 = Release|Any CPU
		{93073321-8F51-4174-9BEE-62C922231832}.Debug|Any CPU.ActiveCfg = Debug|Any CPU
		{93073321-8F51-4174-9BEE-62C922231832}.Debug|Any CPU.Build.0 = Debug|Any CPU
		{93073321-8F51-4174-9BEE-62C922231832}.Release|Any CPU.ActiveCfg = Release|Any CPU
		{93073321-8F51-4174-9BEE-62C922231832}.Release|Any CPU.Build.0 = Release|Any CPU
		{C1CF6ED4-4147-44B5-AE14-42A85021C805}.Debug|Any CPU.ActiveCfg = Debug|Any CPU
		{C1CF6ED4-4147-44B5-AE14-42A85021C805}.Debug|Any CPU.Build.0 = Debug|Any CPU
		{C1CF6ED4-4147-44B5-AE14-42A85021C805}.Release|Any CPU.ActiveCfg = Release|Any CPU
		{C1CF6ED4-4147-44B5-AE14-42A85021C805}.Release|Any CPU.Build.0 = Release|Any CPU
		{BA436438-38F7-4A8F-A91D-814CA9A64B6D}.Debug|Any CPU.ActiveCfg = Debug|Any CPU
		{BA436438-38F7-4A8F-A91D-814CA9A64B6D}.Debug|Any CPU.Build.0 = Debug|Any CPU
		{BA436438-38F7-4A8F-A91D-814CA9A64B6D}.Release|Any CPU.ActiveCfg = Release|Any CPU
		{BA436438-38F7-4A8F-A91D-814CA9A64B6D}.Release|Any CPU.Build.0 = Release|Any CPU
		{71F48945-4EEC-40B9-9207-FD5FDE1C913A}.Debug|Any CPU.ActiveCfg = Debug|Any CPU
		{71F48945-4EEC-40B9-9207-FD5FDE1C913A}.Debug|Any CPU.Build.0 = Debug|Any CPU
		{71F48945-4EEC-40B9-9207-FD5FDE1C913A}.Release|Any CPU.ActiveCfg = Release|Any CPU
		{71F48945-4EEC-40B9-9207-FD5FDE1C913A}.Release|Any CPU.Build.0 = Release|Any CPU
		{43624D26-B1B8-4DC6-8D6B-B1CBC910D9BC}.Debug|Any CPU.ActiveCfg = Debug|Any CPU
		{43624D26-B1B8-4DC6-8D6B-B1CBC910D9BC}.Debug|Any CPU.Build.0 = Debug|Any CPU
		{43624D26-B1B8-4DC6-8D6B-B1CBC910D9BC}.Release|Any CPU.ActiveCfg = Release|Any CPU
		{43624D26-B1B8-4DC6-8D6B-B1CBC910D9BC}.Release|Any CPU.Build.0 = Release|Any CPU
		{3A2FC61B-2541-496D-913C-9ABB3899CF4A}.Debug|Any CPU.ActiveCfg = Debug|Any CPU
		{3A2FC61B-2541-496D-913C-9ABB3899CF4A}.Debug|Any CPU.Build.0 = Debug|Any CPU
		{3A2FC61B-2541-496D-913C-9ABB3899CF4A}.Release|Any CPU.ActiveCfg = Release|Any CPU
		{3A2FC61B-2541-496D-913C-9ABB3899CF4A}.Release|Any CPU.Build.0 = Release|Any CPU
		{75AD3B8F-05E2-41A4-A7E6-78F1E8340F70}.Debug|Any CPU.ActiveCfg = Debug|Any CPU
		{75AD3B8F-05E2-41A4-A7E6-78F1E8340F70}.Debug|Any CPU.Build.0 = Debug|Any CPU
		{75AD3B8F-05E2-41A4-A7E6-78F1E8340F70}.Release|Any CPU.ActiveCfg = Release|Any CPU
		{75AD3B8F-05E2-41A4-A7E6-78F1E8340F70}.Release|Any CPU.Build.0 = Release|Any CPU
		{8BA04057-540B-45B5-90B6-856A74D053D9}.Debug|Any CPU.ActiveCfg = Debug|Any CPU
		{8BA04057-540B-45B5-90B6-856A74D053D9}.Debug|Any CPU.Build.0 = Debug|Any CPU
		{8BA04057-540B-45B5-90B6-856A74D053D9}.Release|Any CPU.ActiveCfg = Release|Any CPU
		{8BA04057-540B-45B5-90B6-856A74D053D9}.Release|Any CPU.Build.0 = Release|Any CPU
	EndGlobalSection
	GlobalSection(SolutionProperties) = preSolution
		HideSolutionNode = FALSE
	EndGlobalSection
	GlobalSection(NestedProjects) = preSolution
		{B9BAF2D3-9D7C-4347-AA22-10D522BC9F0C} = {4B4CBDFE-08DE-4350-A811-45D787F085DB}
		{173A5B84-7CF0-48C2-9BD2-64A9A2ECAB1C} = {4B4CBDFE-08DE-4350-A811-45D787F085DB}
		{86C4AA6F-E54D-45CE-BD59-E70B333087F0} = {4B4CBDFE-08DE-4350-A811-45D787F085DB}
		{3BADC18F-93DA-43D4-B429-A7EB6FBA7660} = {4B4CBDFE-08DE-4350-A811-45D787F085DB}
		{7115D5C6-8CAC-4A71-ADC5-32C6C6FF61F4} = {4B4CBDFE-08DE-4350-A811-45D787F085DB}
		{7364AB81-E8D0-4FEC-9DE1-CF2004CBE07A} = {631F2BAB-869A-439A-A7EA-8FD1A7CAE32F}
		{22415301-72CE-4AA8-BDE2-7E3C583DA4A2} = {631F2BAB-869A-439A-A7EA-8FD1A7CAE32F}
		{476686B9-8E78-445A-9B7B-9FA75344962D} = {631F2BAB-869A-439A-A7EA-8FD1A7CAE32F}
		{97C6289E-1699-4789-8343-1A463F13ABED} = {631F2BAB-869A-439A-A7EA-8FD1A7CAE32F}
		{4B9DE910-DFA9-4AA0-B945-CC71F1B900BD} = {631F2BAB-869A-439A-A7EA-8FD1A7CAE32F}
		{7EC45F49-2889-4498-AAFF-510C49087181} = {5EC85147-8CEC-4B86-8271-CE6A32F00DC0}
		{93073321-8F51-4174-9BEE-62C922231832} = {5EC85147-8CEC-4B86-8271-CE6A32F00DC0}
		{C1CF6ED4-4147-44B5-AE14-42A85021C805} = {5EC85147-8CEC-4B86-8271-CE6A32F00DC0}
		{BA436438-38F7-4A8F-A91D-814CA9A64B6D} = {5EC85147-8CEC-4B86-8271-CE6A32F00DC0}
		{71F48945-4EEC-40B9-9207-FD5FDE1C913A} = {1439DCEE-B81E-46AB-BE8A-D160E3DDED55}
		{43624D26-B1B8-4DC6-8D6B-B1CBC910D9BC} = {1439DCEE-B81E-46AB-BE8A-D160E3DDED55}
		{3A2FC61B-2541-496D-913C-9ABB3899CF4A} = {1439DCEE-B81E-46AB-BE8A-D160E3DDED55}
		{75AD3B8F-05E2-41A4-A7E6-78F1E8340F70} = {1439DCEE-B81E-46AB-BE8A-D160E3DDED55}
		{8BA04057-540B-45B5-90B6-856A74D053D9} = {F0886EB9-2545-4F7F-B957-714686BED674}
	EndGlobalSection
	GlobalSection(ExtensibilityGlobals) = postSolution
		SolutionGuid = {3CAF0E89-3004-4842-8B0A-8E2DC4EF5EE1}
	EndGlobalSection
EndGlobal
